
Microsoft Visual Studio Solution File, Format Version 12.00
# Visual Studio Version 17
VisualStudioVersion = 17.10.34928.147
MinimumVisualStudioVersion = 10.0.40219.1
Project("{FAE04EC0-301F-11D3-BF4B-00C04F79EFBC}") = "SkinDataAPI", "SkinDataAPI.csproj", "{30B3743F-B54F-4F5B-B392-D6FB647A00C7}"
EndProject
Project("{FAE04EC0-301F-11D3-BF4B-00C04F79EFBC}") = "SkinData.Domain", "..\SkinData.Domain\SkinData.Domain.csproj", "{92B5490A-A5DB-41AB-8838-16F745B53A89}"
EndProject
Project("{FAE04EC0-301F-11D3-BF4B-00C04F79EFBC}") = "SkinData.Application", "..\SkinData.Application\SkinData.Application.csproj", "{0346530F-DE71-48A5-8738-2401033995B9}"
EndProject
Project("{FAE04EC0-301F-11D3-BF4B-00C04F79EFBC}") = "SkinData.Infrastructure", "..\SkinData.Infrastructure\SkinData.Infrastructure.csproj", "{A8D9B404-64EB-4544-B155-0028F84B313E}"
EndProject
Global
	GlobalSection(SolutionConfigurationPlatforms) = preSolution
		Debug|Any CPU = Debug|Any CPU
		Release|Any CPU = Release|Any CPU
	EndGlobalSection
	GlobalSection(ProjectConfigurationPlatforms) = postSolution
		{30B3743F-B54F-4F5B-B392-D6FB647A00C7}.Debug|Any CPU.ActiveCfg = Debug|Any CPU
		{30B3743F-B54F-4F5B-B392-D6FB647A00C7}.Debug|Any CPU.Build.0 = Debug|Any CPU
		{30B3743F-B54F-4F5B-B392-D6FB647A00C7}.Release|Any CPU.ActiveCfg = Release|Any CPU
		{30B3743F-B54F-4F5B-B392-D6FB647A00C7}.Release|Any CPU.Build.0 = Release|Any CPU
		{92B5490A-A5DB-41AB-8838-16F745B53A89}.Debug|Any CPU.ActiveCfg = Debug|Any CPU
		{92B5490A-A5DB-41AB-8838-16F745B53A89}.Debug|Any CPU.Build.0 = Debug|Any CPU
		{92B5490A-A5DB-41AB-8838-16F745B53A89}.Release|Any CPU.ActiveCfg = Release|Any CPU
		{92B5490A-A5DB-41AB-8838-16F745B53A89}.Release|Any CPU.Build.0 = Release|Any CPU
		{0346530F-DE71-48A5-8738-2401033995B9}.Debug|Any CPU.ActiveCfg = Debug|Any CPU
		{0346530F-DE71-48A5-8738-2401033995B9}.Debug|Any CPU.Build.0 = Debug|Any CPU
		{0346530F-DE71-48A5-8738-2401033995B9}.Release|Any CPU.ActiveCfg = Release|Any CPU
		{0346530F-DE71-48A5-8738-2401033995B9}.Release|Any CPU.Build.0 = Release|Any CPU
		{A8D9B404-64EB-4544-B155-0028F84B313E}.Debug|Any CPU.ActiveCfg = Debug|Any CPU
		{A8D9B404-64EB-4544-B155-0028F84B313E}.Debug|Any CPU.Build.0 = Debug|Any CPU
		{A8D9B404-64EB-4544-B155-0028F84B313E}.Release|Any CPU.ActiveCfg = Release|Any CPU
		{A8D9B404-64EB-4544-B155-0028F84B313E}.Release|Any CPU.Build.0 = Release|Any CPU
	EndGlobalSection
	GlobalSection(SolutionProperties) = preSolution
		HideSolutionNode = FALSE
	EndGlobalSection
	GlobalSection(ExtensibilityGlobals) = postSolution
		SolutionGuid = {104AB8ED-6536-4846-BFBF-91F9E8207D59}
	EndGlobalSection
EndGlobal
